
Microsoft Visual Studio Solution File, Format Version 12.00
# Visual Studio Version 17
VisualStudioVersion = 17.1.32319.34
MinimumVisualStudioVersion = 10.0.40219.1
Project("{FAE04EC0-301F-11D3-BF4B-00C04F79EFBC}") = "EjercicioI05", "EjercicioI05\EjercicioI05.csproj", "{A9EDFD40-9421-44DA-9C89-CE34802A78D7}"
EndProject
Project("{FAE04EC0-301F-11D3-BF4B-00C04F79EFBC}") = "Negocio", "Negocio\Negocio.csproj", "{DF01A7E9-64CC-4488-87CC-13B9C757E7FA}"
EndProject
Global
	GlobalSection(SolutionConfigurationPlatforms) = preSolution
		Debug|Any CPU = Debug|Any CPU
		Release|Any CPU = Release|Any CPU
	EndGlobalSection
	GlobalSection(ProjectConfigurationPlatforms) = postSolution
		{A9EDFD40-9421-44DA-9C89-CE34802A78D7}.Debug|Any CPU.ActiveCfg = Debug|Any CPU
		{A9EDFD40-9421-44DA-9C89-CE34802A78D7}.Debug|Any CPU.Build.0 = Debug|Any CPU
		{A9EDFD40-9421-44DA-9C89-CE34802A78D7}.Release|Any CPU.ActiveCfg = Release|Any CPU
		{A9EDFD40-9421-44DA-9C89-CE34802A78D7}.Release|Any CPU.Build.0 = Release|Any CPU
		{DF01A7E9-64CC-4488-87CC-13B9C757E7FA}.Debug|Any CPU.ActiveCfg = Debug|Any CPU
		{DF01A7E9-64CC-4488-87CC-13B9C757E7FA}.Debug|Any CPU.Build.0 = Debug|Any CPU
		{DF01A7E9-64CC-4488-87CC-13B9C757E7FA}.Release|Any CPU.ActiveCfg = Release|Any CPU
		{DF01A7E9-64CC-4488-87CC-13B9C757E7FA}.Release|Any CPU.Build.0 = Release|Any CPU
	EndGlobalSection
	GlobalSection(SolutionProperties) = preSolution
		HideSolutionNode = FALSE
	EndGlobalSection
	GlobalSection(ExtensibilityGlobals) = postSolution
		SolutionGuid = {A4E1BC80-6B68-4A0E-B7E8-C65C8304FF90}
	EndGlobalSection
EndGlobal
