
Microsoft Visual Studio Solution File, Format Version 12.00
# Visual Studio Version 17
VisualStudioVersion = 17.1.32319.34
MinimumVisualStudioVersion = 10.0.40219.1
Project("{FAE04EC0-301F-11D3-BF4B-00C04F79EFBC}") = "I07", "I07\I07.csproj", "{8A4A0FA0-FFAA-41D9-8F80-61D248965EB8}"
EndProject
Project("{FAE04EC0-301F-11D3-BF4B-00C04F79EFBC}") = "Teorema", "Teorema\Teorema.csproj", "{CE96866C-1D58-4A06-BEBE-C0A6914AFCAD}"
EndProject
Global
	GlobalSection(SolutionConfigurationPlatforms) = preSolution
		Debug|Any CPU = Debug|Any CPU
		Release|Any CPU = Release|Any CPU
	EndGlobalSection
	GlobalSection(ProjectConfigurationPlatforms) = postSolution
		{8A4A0FA0-FFAA-41D9-8F80-61D248965EB8}.Debug|Any CPU.ActiveCfg = Debug|Any CPU
		{8A4A0FA0-FFAA-41D9-8F80-61D248965EB8}.Debug|Any CPU.Build.0 = Debug|Any CPU
		{8A4A0FA0-FFAA-41D9-8F80-61D248965EB8}.Release|Any CPU.ActiveCfg = Release|Any CPU
		{8A4A0FA0-FFAA-41D9-8F80-61D248965EB8}.Release|Any CPU.Build.0 = Release|Any CPU
		{CE96866C-1D58-4A06-BEBE-C0A6914AFCAD}.Debug|Any CPU.ActiveCfg = Debug|Any CPU
		{CE96866C-1D58-4A06-BEBE-C0A6914AFCAD}.Debug|Any CPU.Build.0 = Debug|Any CPU
		{CE96866C-1D58-4A06-BEBE-C0A6914AFCAD}.Release|Any CPU.ActiveCfg = Release|Any CPU
		{CE96866C-1D58-4A06-BEBE-C0A6914AFCAD}.Release|Any CPU.Build.0 = Release|Any CPU
	EndGlobalSection
	GlobalSection(SolutionProperties) = preSolution
		HideSolutionNode = FALSE
	EndGlobalSection
	GlobalSection(ExtensibilityGlobals) = postSolution
		SolutionGuid = {4650BA7A-E4AF-4912-B2DD-72B9686BE05B}
	EndGlobalSection
EndGlobal
